
Microsoft Visual Studio Solution File, Format Version 12.00
# Visual Studio Version 17
VisualStudioVersion = 17.8.34322.80
MinimumVisualStudioVersion = 10.0.40219.1
Project("{8BC9CEB8-8B4A-11D0-8D11-00A0C91BC942}") = "SDL2", "SDL2.vcxproj", "{55CF7F37-5B45-4405-909A-40C5B6ABD258}"
EndProject
Global
	GlobalSection(SolutionConfigurationPlatforms) = preSolution
		Debug|x64 = Debug|x64
		Debug|x86 = Debug|x86
		Release|x64 = Release|x64
		Release|x86 = Release|x86
	EndGlobalSection
	GlobalSection(ProjectConfigurationPlatforms) = postSolution
		{55CF7F37-5B45-4405-909A-40C5B6ABD258}.Debug|x64.ActiveCfg = Debug|x64
		{55CF7F37-5B45-4405-909A-40C5B6ABD258}.Debug|x64.Build.0 = Debug|x64
		{55CF7F37-5B45-4405-909A-40C5B6ABD258}.Debug|x86.ActiveCfg = Debug|Win32
		{55CF7F37-5B45-4405-909A-40C5B6ABD258}.Debug|x86.Build.0 = Debug|Win32
		{55CF7F37-5B45-4405-909A-40C5B6ABD258}.Release|x64.ActiveCfg = Release|x64
		{55CF7F37-5B45-4405-909A-40C5B6ABD258}.Release|x64.Build.0 = Release|x64
		{55CF7F37-5B45-4405-909A-40C5B6ABD258}.Release|x86.ActiveCfg = Release|Win32
		{55CF7F37-5B45-4405-909A-40C5B6ABD258}.Release|x86.Build.0 = Release|Win32
	EndGlobalSection
	GlobalSection(SolutionProperties) = preSolution
		HideSolutionNode = FALSE
	EndGlobalSection
	GlobalSection(ExtensibilityGlobals) = postSolution
		SolutionGuid = {67370DA1-5770-4DF2-B33A-A4CC10BB4458}
	EndGlobalSection
EndGlobal
